
Microsoft Visual Studio Solution File, Format Version 12.00
# Visual Studio Version 16
VisualStudioVersion = 16.0.30804.86
MinimumVisualStudioVersion = 10.0.40219.1
Project("{FAE04EC0-301F-11D3-BF4B-00C04F79EFBC}") = "WebForm", "WebForm\WebForm.csproj", "{4A754E75-FA47-4885-8AC4-36845495A0B2}"
EndProject
Project("{FAE04EC0-301F-11D3-BF4B-00C04F79EFBC}") = "WorkScheduleSystem", "WorkScheduleSystem\WorkScheduleSystem.csproj", "{A779902C-DEDE-44BC-92DE-D588334F253B}"
EndProject
Global
	GlobalSection(SolutionConfigurationPlatforms) = preSolution
		Debug|Any CPU = Debug|Any CPU
		Release|Any CPU = Release|Any CPU
	EndGlobalSection
	GlobalSection(ProjectConfigurationPlatforms) = postSolution
		{4A754E75-FA47-4885-8AC4-36845495A0B2}.Debug|Any CPU.ActiveCfg = Debug|Any CPU
		{4A754E75-FA47-4885-8AC4-36845495A0B2}.Debug|Any CPU.Build.0 = Debug|Any CPU
		{4A754E75-FA47-4885-8AC4-36845495A0B2}.Release|Any CPU.ActiveCfg = Release|Any CPU
		{4A754E75-FA47-4885-8AC4-36845495A0B2}.Release|Any CPU.Build.0 = Release|Any CPU
		{A779902C-DEDE-44BC-92DE-D588334F253B}.Debug|Any CPU.ActiveCfg = Debug|Any CPU
		{A779902C-DEDE-44BC-92DE-D588334F253B}.Debug|Any CPU.Build.0 = Debug|Any CPU
		{A779902C-DEDE-44BC-92DE-D588334F253B}.Release|Any CPU.ActiveCfg = Release|Any CPU
		{A779902C-DEDE-44BC-92DE-D588334F253B}.Release|Any CPU.Build.0 = Release|Any CPU
	EndGlobalSection
	GlobalSection(SolutionProperties) = preSolution
		HideSolutionNode = FALSE
	EndGlobalSection
	GlobalSection(ExtensibilityGlobals) = postSolution
		SolutionGuid = {1F8539AF-4646-4638-A617-C1DB259AB2E7}
	EndGlobalSection
EndGlobal
